// !$*UTF8*$!
{
	archiveVersion = 1;
	classes = {
	};
	objectVersion = 50;
	objects = {

/* Begin PBXBuildFile section */
		3547354122D913170034DA26 /* FoodTableViewController.swift in Sources */ = {isa = PBXBuildFile; fileRef = 3547354022D913170034DA26 /* FoodTableViewController.swift */; };
		35CE7CE822DBD9DB00374C14 /* EntertainmentTableViewController.swift in Sources */ = {isa = PBXBuildFile; fileRef = 35CE7CE722DBD9DA00374C14 /* EntertainmentTableViewController.swift */; };
		35CE7CEA22DBDB7200374C14 /* ShoppingTableViewController.swift in Sources */ = {isa = PBXBuildFile; fileRef = 35CE7CE922DBDB7200374C14 /* ShoppingTableViewController.swift */; };
		AEEC469A22D90EC40081B0FF /* AppDelegate.swift in Sources */ = {isa = PBXBuildFile; fileRef = AEEC469922D90EC40081B0FF /* AppDelegate.swift */; };
		AEEC469C22D90EC40081B0FF /* ViewController.swift in Sources */ = {isa = PBXBuildFile; fileRef = AEEC469B22D90EC40081B0FF /* ViewController.swift */; };
		AEEC469F22D90EC40081B0FF /* Main.storyboard in Resources */ = {isa = PBXBuildFile; fileRef = AEEC469D22D90EC40081B0FF /* Main.storyboard */; };
		AEEC46A122D90EC60081B0FF /* Assets.xcassets in Resources */ = {isa = PBXBuildFile; fileRef = AEEC46A022D90EC60081B0FF /* Assets.xcassets */; };
		AEEC46A422D90EC60081B0FF /* LaunchScreen.storyboard in Resources */ = {isa = PBXBuildFile; fileRef = AEEC46A222D90EC60081B0FF /* LaunchScreen.storyboard */; };
/* End PBXBuildFile section */

/* Begin PBXFileReference section */
		3547354022D913170034DA26 /* FoodTableViewController.swift */ = {isa = PBXFileReference; lastKnownFileType = sourcecode.swift; path = FoodTableViewController.swift; sourceTree = "<group>"; };
		35CE7CE722DBD9DA00374C14 /* EntertainmentTableViewController.swift */ = {isa = PBXFileReference; lastKnownFileType = sourcecode.swift; path = EntertainmentTableViewController.swift; sourceTree = "<group>"; };
		35CE7CE922DBDB7200374C14 /* ShoppingTableViewController.swift */ = {isa = PBXFileReference; lastKnownFileType = sourcecode.swift; path = ShoppingTableViewController.swift; sourceTree = "<group>"; };
		AEEC469622D90EC40081B0FF /* Splurged.app */ = {isa = PBXFileReference; explicitFileType = wrapper.application; includeInIndex = 0; path = Splurged.app; sourceTree = BUILT_PRODUCTS_DIR; };
		AEEC469922D90EC40081B0FF /* AppDelegate.swift */ = {isa = PBXFileReference; lastKnownFileType = sourcecode.swift; path = AppDelegate.swift; sourceTree = "<group>"; };
		AEEC469B22D90EC40081B0FF /* ViewController.swift */ = {isa = PBXFileReference; lastKnownFileType = sourcecode.swift; path = ViewController.swift; sourceTree = "<group>"; };
		AEEC469E22D90EC40081B0FF /* Base */ = {isa = PBXFileReference; lastKnownFileType = file.storyboard; name = Base; path = Base.lproj/Main.storyboard; sourceTree = "<group>"; };
		AEEC46A022D90EC60081B0FF /* Assets.xcassets */ = {isa = PBXFileReference; lastKnownFileType = folder.assetcatalog; path = Assets.xcassets; sourceTree = "<group>"; };
		AEEC46A322D90EC60081B0FF /* Base */ = {isa = PBXFileReference; lastKnownFileType = file.storyboard; name = Base; path = Base.lproj/LaunchScreen.storyboard; sourceTree = "<group>"; };
		AEEC46A522D90EC60081B0FF /* Info.plist */ = {isa = PBXFileReference; lastKnownFileType = text.plist.xml; path = Info.plist; sourceTree = "<group>"; };
/* End PBXFileReference section */

/* Begin PBXFrameworksBuildPhase section */
		AEEC469322D90EC40081B0FF /* Frameworks */ = {
			isa = PBXFrameworksBuildPhase;
			buildActionMask = 2147483647;
			files = (
			);
			runOnlyForDeploymentPostprocessing = 0;
		};
/* End PBXFrameworksBuildPhase section */

/* Begin PBXGroup section */
		AEEC468D22D90EC40081B0FF = {
			isa = PBXGroup;
			children = (
				AEEC469822D90EC40081B0FF /* Splurged */,
				AEEC469722D90EC40081B0FF /* Products */,
			);
			sourceTree = "<group>";
		};
		AEEC469722D90EC40081B0FF /* Products */ = {
			isa = PBXGroup;
			children = (
				AEEC469622D90EC40081B0FF /* Splurged.app */,
			);
			name = Products;
			sourceTree = "<group>";
		};
		AEEC469822D90EC40081B0FF /* Splurged */ = {
			isa = PBXGroup;
			children = (
				AEEC469922D90EC40081B0FF /* AppDelegate.swift */,
				AEEC469B22D90EC40081B0FF /* ViewController.swift */,
				3547354022D913170034DA26 /* FoodTableViewController.swift */,
				35CE7CE722DBD9DA00374C14 /* EntertainmentTableViewController.swift */,
				AEEC469D22D90EC40081B0FF /* Main.storyboard */,
				35CE7CE922DBDB7200374C14 /* ShoppingTableViewController.swift */,
				AEEC46A022D90EC60081B0FF /* Assets.xcassets */,
				AEEC46A222D90EC60081B0FF /* LaunchScreen.storyboard */,
				AEEC46A522D90EC60081B0FF /* Info.plist */,
			);
			path = Splurged;
			sourceTree = "<group>";
		};
/* End PBXGroup section */

/* Begin PBXNativeTarget section */
		AEEC469522D90EC40081B0FF /* Splurged */ = {
			isa = PBXNativeTarget;
			buildConfigurationList = AEEC46A822D90EC60081B0FF /* Build configuration list for PBXNativeTarget "Splurged" */;
			buildPhases = (
				AEEC469222D90EC40081B0FF /* Sources */,
				AEEC469322D90EC40081B0FF /* Frameworks */,
				AEEC469422D90EC40081B0FF /* Resources */,
			);
			buildRules = (
			);
			dependencies = (
			);
			name = Splurged;
			productName = Splurged;
			productReference = AEEC469622D90EC40081B0FF /* Splurged.app */;
			productType = "com.apple.product-type.application";
		};
/* End PBXNativeTarget section */

/* Begin PBXProject section */
		AEEC468E22D90EC40081B0FF /* Project object */ = {
			isa = PBXProject;
			attributes = {
				LastSwiftUpdateCheck = 1020;
				LastUpgradeCheck = 1020;
				ORGANIZATIONNAME = iOS;
				TargetAttributes = {
					AEEC469522D90EC40081B0FF = {
						CreatedOnToolsVersion = 10.2.1;
					};
				};
			};
			buildConfigurationList = AEEC469122D90EC40081B0FF /* Build configuration list for PBXProject "Splurged" */;
			compatibilityVersion = "Xcode 9.3";
			developmentRegion = en;
			hasScannedForEncodings = 0;
			knownRegions = (
				en,
				Base,
			);
			mainGroup = AEEC468D22D90EC40081B0FF;
			productRefGroup = AEEC469722D90EC40081B0FF /* Products */;
			projectDirPath = "";
			projectRoot = "";
			targets = (
				AEEC469522D90EC40081B0FF /* Splurged */,
			);
		};
/* End PBXProject section */

/* Begin PBXResourcesBuildPhase section */
		AEEC469422D90EC40081B0FF /* Resources */ = {
			isa = PBXResourcesBuildPhase;
			buildActionMask = 2147483647;
			files = (
				AEEC46A422D90EC60081B0FF /* LaunchScreen.storyboard in Resources */,
				AEEC46A122D90EC60081B0FF /* Assets.xcassets in Resources */,
				AEEC469F22D90EC40081B0FF /* Main.storyboard in Resources */,
			);
			runOnlyForDeploymentPostprocessing = 0;
		};
/* End PBXResourcesBuildPhase section */

/* Begin PBXSourcesBuildPhase section */
		AEEC469222D90EC40081B0FF /* Sources */ = {
			isa = PBXSourcesBuildPhase;
			buildActionMask = 2147483647;
			files = (
				AEEC469C22D90EC40081B0FF /* ViewController.swift in Sources */,
				3547354122D913170034DA26 /* FoodTableViewController.swift in Sources */,
				35CE7CE822DBD9DB00374C14 /* EntertainmentTableViewController.swift in Sources */,
				35CE7CEA22DBDB7200374C14 /* ShoppingTableViewController.swift in Sources */,
				AEEC469A22D90EC40081B0FF /* AppDelegate.swift in Sources */,
			);
			runOnlyForDeploymentPostprocessing = 0;
		};
/* End PBXSourcesBuildPhase section */

/* Begin PBXVariantGroup section */
		AEEC469D22D90EC40081B0FF /* Main.storyboard */ = {
			isa = PBXVariantGroup;
			children = (
				AEEC469E22D90EC40081B0FF /* Base */,
			);
			name = Main.storyboard;
			sourceTree = "<group>";
		};
		AEEC46A222D90EC60081B0FF /* LaunchScreen.storyboard */ = {
			isa = PBXVariantGroup;
			children = (
				AEEC46A322D90EC60081B0FF /* Base */,
			);
			name = LaunchScreen.storyboard;
			sourceTree = "<group>";
		};
/* End PBXVariantGroup section */

/* Begin XCBuildConfiguration section */
		AEEC46A622D90EC60081B0FF /* Debug */ = {
			isa = XCBuildConfiguration;
			buildSettings = {
				ALWAYS_SEARCH_USER_PATHS = NO;
				CLANG_ANALYZER_NONNULL = YES;
				CLANG_ANALYZER_NUMBER_OBJECT_CONVERSION = YES_AGGRESSIVE;
				CLANG_CXX_LANGUAGE_STANDARD = "gnu++14";
				CLANG_CXX_LIBRARY = "libc++";
				CLANG_ENABLE_MODULES = YES;
				CLANG_ENABLE_OBJC_ARC = YES;
				CLANG_ENABLE_OBJC_WEAK = YES;
				CLANG_WARN_BLOCK_CAPTURE_AUTORELEASING = YES;
				CLANG_WARN_BOOL_CONVERSION = YES;
				CLANG_WARN_COMMA = YES;
				CLANG_WARN_CONSTANT_CONVERSION = YES;
				CLANG_WARN_DEPRECATED_OBJC_IMPLEMENTATIONS = YES;
				CLANG_WARN_DIRECT_OBJC_ISA_USAGE = YES_ERROR;
				CLANG_WARN_DOCUMENTATION_COMMENTS = YES;
				CLANG_WARN_EMPTY_BODY = YES;
				CLANG_WARN_ENUM_CONVERSION = YES;
				CLANG_WARN_INFINITE_RECURSION = YES;
				CLANG_WARN_INT_CONVERSION = YES;
				CLANG_WARN_NON_LITERAL_NULL_CONVERSION = YES;
				CLANG_WARN_OBJC_IMPLICIT_RETAIN_SELF = YES;
				CLANG_WARN_OBJC_LITERAL_CONVERSION = YES;
				CLANG_WARN_OBJC_ROOT_CLASS = YES_ERROR;
				CLANG_WARN_RANGE_LOOP_ANALYSIS = YES;
				CLANG_WARN_STRICT_PROTOTYPES = YES;
				CLANG_WARN_SUSPICIOUS_MOVE = YES;
				CLANG_WARN_UNGUARDED_AVAILABILITY = YES_AGGRESSIVE;
				CLANG_WARN_UNREACHABLE_CODE = YES;
				CLANG_WARN__DUPLICATE_METHOD_MATCH = YES;
				CODE_SIGN_IDENTITY = "iPhone Developer";
				COPY_PHASE_STRIP = NO;
				DEBUG_INFORMATION_FORMAT = dwarf;
				ENABLE_STRICT_OBJC_MSGSEND = YES;
				ENABLE_TESTABILITY = YES;
				GCC_C_LANGUAGE_STANDARD = gnu11;
				GCC_DYNAMIC_NO_PIC = NO;
				GCC_NO_COMMON_BLOCKS = YES;
				GCC_OPTIMIZATION_LEVEL = 0;
				GCC_PREPROCESSOR_DEFINITIONS = (
					"DEBUG=1",
					"$(inherited)",
				);
				GCC_WARN_64_TO_32_BIT_CONVERSION = YES;
				GCC_WARN_ABOUT_RETURN_TYPE = YES_ERROR;
				GCC_WARN_UNDECLARED_SELECTOR = YES;
				GCC_WARN_UNINITIALIZED_AUTOS = YES_AGGRESSIVE;
				GCC_WARN_UNUSED_FUNCTION = YES;
				GCC_WARN_UNUSED_VARIABLE = YES;
				IPHONEOS_DEPLOYMENT_TARGET = 12.2;
				MTL_ENABLE_DEBUG_INFO = INCLUDE_SOURCE;
				MTL_FAST_MATH = YES;
				ONLY_ACTIVE_ARCH = YES;
				SDKROOT = iphoneos;
				SWIFT_ACTIVE_COMPILATION_CONDITIONS = DEBUG;
				SWIFT_OPTIMIZATION_LEVEL = "-Onone";
			};
			name = Debug;
		};
		AEEC46A722D90EC60081B0FF /* Release */ = {
			isa = XCBuildConfiguration;
			buildSettings = {
				ALWAYS_SEARCH_USER_PATHS = NO;
				CLANG_ANALYZER_NONNULL = YES;
				CLANG_ANALYZER_NUMBER_OBJECT_CONVERSION = YES_AGGRESSIVE;
				CLANG_CXX_LANGUAGE_STANDARD = "gnu++14";
				CLANG_CXX_LIBRARY = "libc++";
				CLANG_ENABLE_MODULES = YES;
				CLANG_ENABLE_OBJC_ARC = YES;
				CLANG_ENABLE_OBJC_WEAK = YES;
				CLANG_WARN_BLOCK_CAPTURE_AUTORELEASING = YES;
				CLANG_WARN_BOOL_CONVERSION = YES;
				CLANG_WARN_COMMA = YES;
				CLANG_WARN_CONSTANT_CONVERSION = YES;
				CLANG_WARN_DEPRECATED_OBJC_IMPLEMENTATIONS = YES;
				CLANG_WARN_DIRECT_OBJC_ISA_USAGE = YES_ERROR;
				CLANG_WARN_DOCUMENTATION_COMMENTS = YES;
				CLANG_WARN_EMPTY_BODY = YES;
				CLANG_WARN_ENUM_CONVERSION = YES;
				CLANG_WARN_INFINITE_RECURSION = YES;
				CLANG_WARN_INT_CONVERSION = YES;
				CLANG_WARN_NON_LITERAL_NULL_CONVERSION = YES;
				CLANG_WARN_OBJC_IMPLICIT_RETAIN_SELF = YES;
				CLANG_WARN_OBJC_LITERAL_CONVERSION = YES;
				CLANG_WARN_OBJC_ROOT_CLASS = YES_ERROR;
				CLANG_WARN_RANGE_LOOP_ANALYSIS = YES;
				CLANG_WARN_STRICT_PROTOTYPES = YES;
				CLANG_WARN_SUSPICIOUS_MOVE = YES;
				CLANG_WARN_UNGUARDED_AVAILABILITY = YES_AGGRESSIVE;
				CLANG_WARN_UNREACHABLE_CODE = YES;
				CLANG_WARN__DUPLICATE_METHOD_MATCH = YES;
				CODE_SIGN_IDENTITY = "iPhone Developer";
				COPY_PHASE_STRIP = NO;
				DEBUG_INFORMATION_FORMAT = "dwarf-with-dsym";
				ENABLE_NS_ASSERTIONS = NO;
				ENABLE_STRICT_OBJC_MSGSEND = YES;
				GCC_C_LANGUAGE_STANDARD = gnu11;
				GCC_NO_COMMON_BLOCKS = YES;
				GCC_WARN_64_TO_32_BIT_CONVERSION = YES;
				GCC_WARN_ABOUT_RETURN_TYPE = YES_ERROR;
				GCC_WARN_UNDECLARED_SELECTOR = YES;
				GCC_WARN_UNINITIALIZED_AUTOS = YES_AGGRESSIVE;
				GCC_WARN_UNUSED_FUNCTION = YES;
				GCC_WARN_UNUSED_VARIABLE = YES;
				IPHONEOS_DEPLOYMENT_TARGET = 12.2;
				MTL_ENABLE_DEBUG_INFO = NO;
				MTL_FAST_MATH = YES;
				SDKROOT = iphoneos;
				SWIFT_COMPILATION_MODE = wholemodule;
				SWIFT_OPTIMIZATION_LEVEL = "-O";
				VALIDATE_PRODUCT = YES;
			};
			name = Release;
		};
		AEEC46A922D90EC60081B0FF /* Debug */ = {
			isa = XCBuildConfiguration;
			buildSettings = {
				ASSETCATALOG_COMPILER_APPICON_NAME = AppIcon;
				CODE_SIGN_STYLE = Automatic;
				INFOPLIST_FILE = Splurged/Info.plist;
				LD_RUNPATH_SEARCH_PATHS = (
					"$(inherited)",
					"@executable_path/Frameworks",
				);
				PRODUCT_BUNDLE_IDENTIFIER = LK.Splurged;
				PRODUCT_NAME = "$(TARGET_NAME)";
				SWIFT_VERSION = 5.0;
				TARGETED_DEVICE_FAMILY = "1,2";
			};
			name = Debug;
		};
		AEEC46AA22D90EC60081B0FF /* Release */ = {
			isa = XCBuildConfiguration;
			buildSettings = {
				ASSETCATALOG_COMPILER_APPICON_NAME = AppIcon;
				CODE_SIGN_STYLE = Automatic;
				INFOPLIST_FILE = Splurged/Info.plist;
				LD_RUNPATH_SEARCH_PATHS = (
					"$(inherited)",
					"@executable_path/Frameworks",
				);
				PRODUCT_BUNDLE_IDENTIFIER = LK.Splurged;
				PRODUCT_NAME = "$(TARGET_NAME)";
				SWIFT_VERSION = 5.0;
				TARGETED_DEVICE_FAMILY = "1,2";
			};
			name = Release;
		};
/* End XCBuildConfiguration section */

/* Begin XCConfigurationList section */
		AEEC469122D90EC40081B0FF /* Build configuration list for PBXProject "Splurged" */ = {
			isa = XCConfigurationList;
			buildConfigurations = (
				AEEC46A622D90EC60081B0FF /* Debug */,
				AEEC46A722D90EC60081B0FF /* Release */,
			);
			defaultConfigurationIsVisible = 0;
			defaultConfigurationName = Release;
		};
		AEEC46A822D90EC60081B0FF /* Build configuration list for PBXNativeTarget "Splurged" */ = {
			isa = XCConfigurationList;
			buildConfigurations = (
				AEEC46A922D90EC60081B0FF /* Debug */,
				AEEC46AA22D90EC60081B0FF /* Release */,
			);
			defaultConfigurationIsVisible = 0;
			defaultConfigurationName = Release;
		};
/* End XCConfigurationList section */
	};
	rootObject = AEEC468E22D90EC40081B0FF /* Project object */;
}
